// !$*UTF8*$!
{
	archiveVersion = 1;
	classes = {
	};
	objectVersion = 56;
	objects = {

/* Begin PBXBuildFile section */
		FDD4B4732D099A0500A36E6F /* mianView.swift in Sources */ = {isa = PBXBuildFile; fileRef = FDD4B4722D099A0500A36E6F /* mianView.swift */; };
		FDD4B4752D099B9A00A36E6F /* mapView.swift in Sources */ = {isa = PBXBuildFile; fileRef = FDD4B4742D099B9A00A36E6F /* mapView.swift */; };
		FDD4B4772D099BA500A36E6F /* settingView.swift in Sources */ = {isa = PBXBuildFile; fileRef = FDD4B4762D099BA500A36E6F /* settingView.swift */; };
		FDD4B47B2D10326A00A36E6F /* postingView.swift in Sources */ = {isa = PBXBuildFile; fileRef = FDD4B47A2D10326A00A36E6F /* postingView.swift */; };
		FDF3B6212D08570D0093C750 /* Photo_SNSApp.swift in Sources */ = {isa = PBXBuildFile; fileRef = FDF3B6202D08570D0093C750 /* Photo_SNSApp.swift */; };
		FDF3B6232D08570D0093C750 /* ContentView.swift in Sources */ = {isa = PBXBuildFile; fileRef = FDF3B6222D08570D0093C750 /* ContentView.swift */; };
		FDF3B6252D08570E0093C750 /* Assets.xcassets in Resources */ = {isa = PBXBuildFile; fileRef = FDF3B6242D08570E0093C750 /* Assets.xcassets */; };
		FDF3B6282D08570E0093C750 /* Preview Assets.xcassets in Resources */ = {isa = PBXBuildFile; fileRef = FDF3B6272D08570E0093C750 /* Preview Assets.xcassets */; };
		FDF3B62F2D0860140093C750 /* SignupView.swift in Sources */ = {isa = PBXBuildFile; fileRef = FDF3B62E2D0860140093C750 /* SignupView.swift */; };
/* End PBXBuildFile section */

/* Begin PBXFileReference section */
		FDD4B4722D099A0500A36E6F /* mianView.swift */ = {isa = PBXFileReference; lastKnownFileType = sourcecode.swift; path = mianView.swift; sourceTree = "<group>"; };
		FDD4B4742D099B9A00A36E6F /* mapView.swift */ = {isa = PBXFileReference; lastKnownFileType = sourcecode.swift; path = mapView.swift; sourceTree = "<group>"; };
		FDD4B4762D099BA500A36E6F /* settingView.swift */ = {isa = PBXFileReference; lastKnownFileType = sourcecode.swift; path = settingView.swift; sourceTree = "<group>"; };
		FDD4B47A2D10326A00A36E6F /* postingView.swift */ = {isa = PBXFileReference; lastKnownFileType = sourcecode.swift; name = postingView.swift; path = ../postingView.swift; sourceTree = "<group>"; };
		FDF3B61D2D08570D0093C750 /* Photo_SNS.app */ = {isa = PBXFileReference; explicitFileType = wrapper.application; includeInIndex = 0; path = Photo_SNS.app; sourceTree = BUILT_PRODUCTS_DIR; };
		FDF3B6202D08570D0093C750 /* Photo_SNSApp.swift */ = {isa = PBXFileReference; lastKnownFileType = sourcecode.swift; path = Photo_SNSApp.swift; sourceTree = "<group>"; };
		FDF3B6222D08570D0093C750 /* ContentView.swift */ = {isa = PBXFileReference; lastKnownFileType = sourcecode.swift; path = ContentView.swift; sourceTree = "<group>"; };
		FDF3B6242D08570E0093C750 /* Assets.xcassets */ = {isa = PBXFileReference; lastKnownFileType = folder.assetcatalog; path = Assets.xcassets; sourceTree = "<group>"; };
		FDF3B6272D08570E0093C750 /* Preview Assets.xcassets */ = {isa = PBXFileReference; lastKnownFileType = folder.assetcatalog; path = "Preview Assets.xcassets"; sourceTree = "<group>"; };
		FDF3B62E2D0860140093C750 /* SignupView.swift */ = {isa = PBXFileReference; lastKnownFileType = sourcecode.swift; path = SignupView.swift; sourceTree = "<group>"; };
/* End PBXFileReference section */

/* Begin PBXFrameworksBuildPhase section */
		FDF3B61A2D08570D0093C750 /* Frameworks */ = {
			isa = PBXFrameworksBuildPhase;
			buildActionMask = 2147483647;
			files = (
			);
			runOnlyForDeploymentPostprocessing = 0;
		};
/* End PBXFrameworksBuildPhase section */

/* Begin PBXGroup section */
		FDF3B6142D08570D0093C750 = {
			isa = PBXGroup;
			children = (
				FDF3B61F2D08570D0093C750 /* Photo_SNS */,
				FDF3B61E2D08570D0093C750 /* Products */,
			);
			sourceTree = "<group>";
		};
		FDF3B61E2D08570D0093C750 /* Products */ = {
			isa = PBXGroup;
			children = (
				FDF3B61D2D08570D0093C750 /* Photo_SNS.app */,
			);
			name = Products;
			sourceTree = "<group>";
		};
		FDF3B61F2D08570D0093C750 /* Photo_SNS */ = {
			isa = PBXGroup;
			children = (
				FDD4B4762D099BA500A36E6F /* settingView.swift */,
				FDD4B4742D099B9A00A36E6F /* mapView.swift */,
				FDF3B6202D08570D0093C750 /* Photo_SNSApp.swift */,
				FDF3B6222D08570D0093C750 /* ContentView.swift */,
				FDF3B62E2D0860140093C750 /* SignupView.swift */,
				FDD4B4722D099A0500A36E6F /* mianView.swift */,
				FDD4B47A2D10326A00A36E6F /* postingView.swift */,
				FDF3B6242D08570E0093C750 /* Assets.xcassets */,
				FDF3B6262D08570E0093C750 /* Preview Content */,
			);
			path = Photo_SNS;
			sourceTree = "<group>";
		};
		FDF3B6262D08570E0093C750 /* Preview Content */ = {
			isa = PBXGroup;
			children = (
				FDF3B6272D08570E0093C750 /* Preview Assets.xcassets */,
			);
			path = "Preview Content";
			sourceTree = "<group>";
		};
/* End PBXGroup section */

/* Begin PBXNativeTarget section */
		FDF3B61C2D08570D0093C750 /* Photo_SNS */ = {
			isa = PBXNativeTarget;
			buildConfigurationList = FDF3B62B2D08570E0093C750 /* Build configuration list for PBXNativeTarget "Photo_SNS" */;
			buildPhases = (
				FDF3B6192D08570D0093C750 /* Sources */,
				FDF3B61A2D08570D0093C750 /* Frameworks */,
				FDF3B61B2D08570D0093C750 /* Resources */,
			);
			buildRules = (
			);
			dependencies = (
			);
			name = Photo_SNS;
			productName = Photo_SNS;
			productReference = FDF3B61D2D08570D0093C750 /* Photo_SNS.app */;
			productType = "com.apple.product-type.application";
		};
/* End PBXNativeTarget section */

/* Begin PBXProject section */
		FDF3B6152D08570D0093C750 /* Project object */ = {
			isa = PBXProject;
			attributes = {
				BuildIndependentTargetsInParallel = 1;
				LastSwiftUpdateCheck = 1530;
				LastUpgradeCheck = 1530;
				TargetAttributes = {
					FDF3B61C2D08570D0093C750 = {
						CreatedOnToolsVersion = 15.3;
					};
				};
			};
			buildConfigurationList = FDF3B6182D08570D0093C750 /* Build configuration list for PBXProject "Photo_SNS" */;
			compatibilityVersion = "Xcode 14.0";
			developmentRegion = en;
			hasScannedForEncodings = 0;
			knownRegions = (
				en,
				Base,
			);
			mainGroup = FDF3B6142D08570D0093C750;
			productRefGroup = FDF3B61E2D08570D0093C750 /* Products */;
			projectDirPath = "";
			projectRoot = "";
			targets = (
				FDF3B61C2D08570D0093C750 /* Photo_SNS */,
			);
		};
/* End PBXProject section */

/* Begin PBXResourcesBuildPhase section */
		FDF3B61B2D08570D0093C750 /* Resources */ = {
			isa = PBXResourcesBuildPhase;
			buildActionMask = 2147483647;
			files = (
				FDF3B6282D08570E0093C750 /* Preview Assets.xcassets in Resources */,
				FDF3B6252D08570E0093C750 /* Assets.xcassets in Resources */,
			);
			runOnlyForDeploymentPostprocessing = 0;
		};
/* End PBXResourcesBuildPhase section */

/* Begin PBXSourcesBuildPhase section */
		FDF3B6192D08570D0093C750 /* Sources */ = {
			isa = PBXSourcesBuildPhase;
			buildActionMask = 2147483647;
			files = (
				FDF3B62F2D0860140093C750 /* SignupView.swift in Sources */,
				FDD4B4772D099BA500A36E6F /* settingView.swift in Sources */,
				FDD4B4732D099A0500A36E6F /* mianView.swift in Sources */,
				FDF3B6232D08570D0093C750 /* ContentView.swift in Sources */,
				FDD4B47B2D10326A00A36E6F /* postingView.swift in Sources */,
				FDD4B4752D099B9A00A36E6F /* mapView.swift in Sources */,
				FDF3B6212D08570D0093C750 /* Photo_SNSApp.swift in Sources */,
			);
			runOnlyForDeploymentPostprocessing = 0;
		};
/* End PBXSourcesBuildPhase section */

/* Begin XCBuildConfiguration section */
		FDF3B6292D08570E0093C750 /* Debug */ = {
			isa = XCBuildConfiguration;
			buildSettings = {
				ALWAYS_SEARCH_USER_PATHS = NO;
				ASSETCATALOG_COMPILER_GENERATE_SWIFT_ASSET_SYMBOL_EXTENSIONS = YES;
				CLANG_ANALYZER_NONNULL = YES;
				CLANG_ANALYZER_NUMBER_OBJECT_CONVERSION = YES_AGGRESSIVE;
				CLANG_CXX_LANGUAGE_STANDARD = "gnu++20";
				CLANG_ENABLE_MODULES = YES;
				CLANG_ENABLE_OBJC_ARC = YES;
				CLANG_ENABLE_OBJC_WEAK = YES;
				CLANG_WARN_BLOCK_CAPTURE_AUTORELEASING = YES;
				CLANG_WARN_BOOL_CONVERSION = YES;
				CLANG_WARN_COMMA = YES;
				CLANG_WARN_CONSTANT_CONVERSION = YES;
				CLANG_WARN_DEPRECATED_OBJC_IMPLEMENTATIONS = YES;
				CLANG_WARN_DIRECT_OBJC_ISA_USAGE = YES_ERROR;
				CLANG_WARN_DOCUMENTATION_COMMENTS = YES;
				CLANG_WARN_EMPTY_BODY = YES;
				CLANG_WARN_ENUM_CONVERSION = YES;
				CLANG_WARN_INFINITE_RECURSION = YES;
				CLANG_WARN_INT_CONVERSION = YES;
				CLANG_WARN_NON_LITERAL_NULL_CONVERSION = YES;
				CLANG_WARN_OBJC_IMPLICIT_RETAIN_SELF = YES;
				CLANG_WARN_OBJC_LITERAL_CONVERSION = YES;
				CLANG_WARN_OBJC_ROOT_CLASS = YES_ERROR;
				CLANG_WARN_QUOTED_INCLUDE_IN_FRAMEWORK_HEADER = YES;
				CLANG_WARN_RANGE_LOOP_ANALYSIS = YES;
				CLANG_WARN_STRICT_PROTOTYPES = YES;
				CLANG_WARN_SUSPICIOUS_MOVE = YES;
				CLANG_WARN_UNGUARDED_AVAILABILITY = YES_AGGRESSIVE;
				CLANG_WARN_UNREACHABLE_CODE = YES;
				CLANG_WARN__DUPLICATE_METHOD_MATCH = YES;
				COPY_PHASE_STRIP = NO;
				DEBUG_INFORMATION_FORMAT = dwarf;
				ENABLE_STRICT_OBJC_MSGSEND = YES;
				ENABLE_TESTABILITY = YES;
				ENABLE_USER_SCRIPT_SANDBOXING = YES;
				GCC_C_LANGUAGE_STANDARD = gnu17;
				GCC_DYNAMIC_NO_PIC = NO;
				GCC_NO_COMMON_BLOCKS = YES;
				GCC_OPTIMIZATION_LEVEL = 0;
				GCC_PREPROCESSOR_DEFINITIONS = (
					"DEBUG=1",
					"$(inherited)",
				);
				GCC_WARN_64_TO_32_BIT_CONVERSION = YES;
				GCC_WARN_ABOUT_RETURN_TYPE = YES_ERROR;
				GCC_WARN_UNDECLARED_SELECTOR = YES;
				GCC_WARN_UNINITIALIZED_AUTOS = YES_AGGRESSIVE;
				GCC_WARN_UNUSED_FUNCTION = YES;
				GCC_WARN_UNUSED_VARIABLE = YES;
				IPHONEOS_DEPLOYMENT_TARGET = 17.4;
				LOCALIZATION_PREFERS_STRING_CATALOGS = YES;
				MTL_ENABLE_DEBUG_INFO = INCLUDE_SOURCE;
				MTL_FAST_MATH = YES;
				ONLY_ACTIVE_ARCH = YES;
				SDKROOT = iphoneos;
				SWIFT_ACTIVE_COMPILATION_CONDITIONS = "DEBUG $(inherited)";
				SWIFT_OPTIMIZATION_LEVEL = "-Onone";
			};
			name = Debug;
		};
		FDF3B62A2D08570E0093C750 /* Release */ = {
			isa = XCBuildConfiguration;
			buildSettings = {
				ALWAYS_SEARCH_USER_PATHS = NO;
				ASSETCATALOG_COMPILER_GENERATE_SWIFT_ASSET_SYMBOL_EXTENSIONS = YES;
				CLANG_ANALYZER_NONNULL = YES;
				CLANG_ANALYZER_NUMBER_OBJECT_CONVERSION = YES_AGGRESSIVE;
				CLANG_CXX_LANGUAGE_STANDARD = "gnu++20";
				CLANG_ENABLE_MODULES = YES;
				CLANG_ENABLE_OBJC_ARC = YES;
				CLANG_ENABLE_OBJC_WEAK = YES;
				CLANG_WARN_BLOCK_CAPTURE_AUTORELEASING = YES;
				CLANG_WARN_BOOL_CONVERSION = YES;
				CLANG_WARN_COMMA = YES;
				CLANG_WARN_CONSTANT_CONVERSION = YES;
				CLANG_WARN_DEPRECATED_OBJC_IMPLEMENTATIONS = YES;
				CLANG_WARN_DIRECT_OBJC_ISA_USAGE = YES_ERROR;
				CLANG_WARN_DOCUMENTATION_COMMENTS = YES;
				CLANG_WARN_EMPTY_BODY = YES;
				CLANG_WARN_ENUM_CONVERSION = YES;
				CLANG_WARN_INFINITE_RECURSION = YES;
				CLANG_WARN_INT_CONVERSION = YES;
				CLANG_WARN_NON_LITERAL_NULL_CONVERSION = YES;
				CLANG_WARN_OBJC_IMPLICIT_RETAIN_SELF = YES;
				CLANG_WARN_OBJC_LITERAL_CONVERSION = YES;
				CLANG_WARN_OBJC_ROOT_CLASS = YES_ERROR;
				CLANG_WARN_QUOTED_INCLUDE_IN_FRAMEWORK_HEADER = YES;
				CLANG_WARN_RANGE_LOOP_ANALYSIS = YES;
				CLANG_WARN_STRICT_PROTOTYPES = YES;
				CLANG_WARN_SUSPICIOUS_MOVE = YES;
				CLANG_WARN_UNGUARDED_AVAILABILITY = YES_AGGRESSIVE;
				CLANG_WARN_UNREACHABLE_CODE = YES;
				CLANG_WARN__DUPLICATE_METHOD_MATCH = YES;
				COPY_PHASE_STRIP = NO;
				DEBUG_INFORMATION_FORMAT = "dwarf-with-dsym";
				ENABLE_NS_ASSERTIONS = NO;
				ENABLE_STRICT_OBJC_MSGSEND = YES;
				ENABLE_USER_SCRIPT_SANDBOXING = YES;
				GCC_C_LANGUAGE_STANDARD = gnu17;
				GCC_NO_COMMON_BLOCKS = YES;
				GCC_WARN_64_TO_32_BIT_CONVERSION = YES;
				GCC_WARN_ABOUT_RETURN_TYPE = YES_ERROR;
				GCC_WARN_UNDECLARED_SELECTOR = YES;
				GCC_WARN_UNINITIALIZED_AUTOS = YES_AGGRESSIVE;
				GCC_WARN_UNUSED_FUNCTION = YES;
				GCC_WARN_UNUSED_VARIABLE = YES;
				IPHONEOS_DEPLOYMENT_TARGET = 17.4;
				LOCALIZATION_PREFERS_STRING_CATALOGS = YES;
				MTL_ENABLE_DEBUG_INFO = NO;
				MTL_FAST_MATH = YES;
				SDKROOT = iphoneos;
				SWIFT_COMPILATION_MODE = wholemodule;
				VALIDATE_PRODUCT = YES;
			};
			name = Release;
		};
		FDF3B62C2D08570E0093C750 /* Debug */ = {
			isa = XCBuildConfiguration;
			buildSettings = {
				ASSETCATALOG_COMPILER_APPICON_NAME = AppIcon;
				ASSETCATALOG_COMPILER_GLOBAL_ACCENT_COLOR_NAME = AccentColor;
				CODE_SIGN_STYLE = Automatic;
				CURRENT_PROJECT_VERSION = 1;
				DEVELOPMENT_ASSET_PATHS = "\"Photo_SNS/Preview Content\"";
				ENABLE_PREVIEWS = YES;
				GENERATE_INFOPLIST_FILE = YES;
				INFOPLIST_KEY_UIApplicationSceneManifest_Generation = YES;
				INFOPLIST_KEY_UIApplicationSupportsIndirectInputEvents = YES;
				INFOPLIST_KEY_UILaunchScreen_Generation = YES;
				INFOPLIST_KEY_UISupportedInterfaceOrientations_iPad = "UIInterfaceOrientationPortrait UIInterfaceOrientationPortraitUpsideDown UIInterfaceOrientationLandscapeLeft UIInterfaceOrientationLandscapeRight";
				INFOPLIST_KEY_UISupportedInterfaceOrientations_iPhone = "UIInterfaceOrientationPortrait UIInterfaceOrientationLandscapeLeft UIInterfaceOrientationLandscapeRight";
				LD_RUNPATH_SEARCH_PATHS = (
					"$(inherited)",
					"@executable_path/Frameworks",
				);
				MARKETING_VERSION = 1.0;
				PRODUCT_BUNDLE_IDENTIFIER = "com.weri.learning.Photo-SNS";
				PRODUCT_NAME = "$(TARGET_NAME)";
				SWIFT_EMIT_LOC_STRINGS = YES;
				SWIFT_VERSION = 5.0;
				TARGETED_DEVICE_FAMILY = "1,2";
			};
			name = Debug;
		};
		FDF3B62D2D08570E0093C750 /* Release */ = {
			isa = XCBuildConfiguration;
			buildSettings = {
				ASSETCATALOG_COMPILER_APPICON_NAME = AppIcon;
				ASSETCATALOG_COMPILER_GLOBAL_ACCENT_COLOR_NAME = AccentColor;
				CODE_SIGN_STYLE = Automatic;
				CURRENT_PROJECT_VERSION = 1;
				DEVELOPMENT_ASSET_PATHS = "\"Photo_SNS/Preview Content\"";
				ENABLE_PREVIEWS = YES;
				GENERATE_INFOPLIST_FILE = YES;
				INFOPLIST_KEY_UIApplicationSceneManifest_Generation = YES;
				INFOPLIST_KEY_UIApplicationSupportsIndirectInputEvents = YES;
				INFOPLIST_KEY_UILaunchScreen_Generation = YES;
				INFOPLIST_KEY_UISupportedInterfaceOrientations_iPad = "UIInterfaceOrientationPortrait UIInterfaceOrientationPortraitUpsideDown UIInterfaceOrientationLandscapeLeft UIInterfaceOrientationLandscapeRight";
				INFOPLIST_KEY_UISupportedInterfaceOrientations_iPhone = "UIInterfaceOrientationPortrait UIInterfaceOrientationLandscapeLeft UIInterfaceOrientationLandscapeRight";
				LD_RUNPATH_SEARCH_PATHS = (
					"$(inherited)",
					"@executable_path/Frameworks",
				);
				MARKETING_VERSION = 1.0;
				PRODUCT_BUNDLE_IDENTIFIER = "com.weri.learning.Photo-SNS";
				PRODUCT_NAME = "$(TARGET_NAME)";
				SWIFT_EMIT_LOC_STRINGS = YES;
				SWIFT_VERSION = 5.0;
				TARGETED_DEVICE_FAMILY = "1,2";
			};
			name = Release;
		};
/* End XCBuildConfiguration section */

/* Begin XCConfigurationList section */
		FDF3B6182D08570D0093C750 /* Build configuration list for PBXProject "Photo_SNS" */ = {
			isa = XCConfigurationList;
			buildConfigurations = (
				FDF3B6292D08570E0093C750 /* Debug */,
				FDF3B62A2D08570E0093C750 /* Release */,
			);
			defaultConfigurationIsVisible = 0;
			defaultConfigurationName = Release;
		};
		FDF3B62B2D08570E0093C750 /* Build configuration list for PBXNativeTarget "Photo_SNS" */ = {
			isa = XCConfigurationList;
			buildConfigurations = (
				FDF3B62C2D08570E0093C750 /* Debug */,
				FDF3B62D2D08570E0093C750 /* Release */,
			);
			defaultConfigurationIsVisible = 0;
			defaultConfigurationName = Release;
		};
/* End XCConfigurationList section */
	};
	rootObject = FDF3B6152D08570D0093C750 /* Project object */;
}
